// !$*UTF8*$!
{
	archiveVersion = 1;
	classes = {
	};
	objectVersion = 56;
	objects = {

/* Begin PBXBuildFile section */
		3A13B1772CBD508A0049A951 /* SuffixesScreen.swift in Sources */ = {isa = PBXBuildFile; fileRef = 3A13B1762CBD508A0049A951 /* SuffixesScreen.swift */; };
		3A13B1792CBD50B60049A951 /* SuffixesScreenViewModel.swift in Sources */ = {isa = PBXBuildFile; fileRef = 3A13B1782CBD50B60049A951 /* SuffixesScreenViewModel.swift */; };
		3A4BFED52C9C65E400DA7A1D /* SerialCharactersListView.swift in Sources */ = {isa = PBXBuildFile; fileRef = 3A4BFED42C9C65E400DA7A1D /* SerialCharactersListView.swift */; };
		3A4BFED72C9C65F800DA7A1D /* SerialCharactersListViewModel.swift in Sources */ = {isa = PBXBuildFile; fileRef = 3A4BFED62C9C65F800DA7A1D /* SerialCharactersListViewModel.swift */; };
		3A4BFEDA2C9C671300DA7A1D /* Collections+Paging.swift in Sources */ = {isa = PBXBuildFile; fileRef = 3A4BFED92C9C671300DA7A1D /* Collections+Paging.swift */; };
		3A4BFEE32C9C6DEC00DA7A1D /* SerialLocationsListView.swift in Sources */ = {isa = PBXBuildFile; fileRef = 3A4BFEE22C9C6DEC00DA7A1D /* SerialLocationsListView.swift */; };
		3A4BFEE52C9C6E2C00DA7A1D /* SerialLocationsListViewModel.swift in Sources */ = {isa = PBXBuildFile; fileRef = 3A4BFEE42C9C6E2C00DA7A1D /* SerialLocationsListViewModel.swift */; };
		3A4BFEEA2C9C6F9A00DA7A1D /* SerialListScreen.swift in Sources */ = {isa = PBXBuildFile; fileRef = 3A4BFEE92C9C6F9A00DA7A1D /* SerialListScreen.swift */; };
		3A67234C2C9EE496007DBFA7 /* SerialCharacterDetailScreen.swift in Sources */ = {isa = PBXBuildFile; fileRef = 3A67234B2C9EE496007DBFA7 /* SerialCharacterDetailScreen.swift */; };
		3A780AC32C88751E00B6547A /* OtusApp.swift in Sources */ = {isa = PBXBuildFile; fileRef = 3A780AC22C88751E00B6547A /* OtusApp.swift */; };
		3A780AC52C88751E00B6547A /* ContentView.swift in Sources */ = {isa = PBXBuildFile; fileRef = 3A780AC42C88751E00B6547A /* ContentView.swift */; };
		3A780AC72C88751F00B6547A /* Assets.xcassets in Resources */ = {isa = PBXBuildFile; fileRef = 3A780AC62C88751F00B6547A /* Assets.xcassets */; };
		3A780ACA2C88751F00B6547A /* Preview Assets.xcassets in Resources */ = {isa = PBXBuildFile; fileRef = 3A780AC92C88751F00B6547A /* Preview Assets.xcassets */; };
		3A79BA552CAD6BDC001AE88D /* OtusUI in Frameworks */ = {isa = PBXBuildFile; productRef = 3A79BA542CAD6BDC001AE88D /* OtusUI */; };
		3ACAF0422CA6B37600734EBA /* OtusCore in Frameworks */ = {isa = PBXBuildFile; productRef = 3ACAF0412CA6B37600734EBA /* OtusCore */; };
		3AF4860E2CD387FB0044408A /* SearchHistoryView.swift in Sources */ = {isa = PBXBuildFile; fileRef = 3AF4860D2CD387FB0044408A /* SearchHistoryView.swift */; };
/* End PBXBuildFile section */

/* Begin PBXFileReference section */
		3A13B1762CBD508A0049A951 /* SuffixesScreen.swift */ = {isa = PBXFileReference; lastKnownFileType = sourcecode.swift; path = SuffixesScreen.swift; sourceTree = "<group>"; };
		3A13B1782CBD50B60049A951 /* SuffixesScreenViewModel.swift */ = {isa = PBXFileReference; lastKnownFileType = sourcecode.swift; path = SuffixesScreenViewModel.swift; sourceTree = "<group>"; };
		3A4BFED42C9C65E400DA7A1D /* SerialCharactersListView.swift */ = {isa = PBXFileReference; lastKnownFileType = sourcecode.swift; path = SerialCharactersListView.swift; sourceTree = "<group>"; };
		3A4BFED62C9C65F800DA7A1D /* SerialCharactersListViewModel.swift */ = {isa = PBXFileReference; lastKnownFileType = sourcecode.swift; path = SerialCharactersListViewModel.swift; sourceTree = "<group>"; };
		3A4BFED92C9C671300DA7A1D /* Collections+Paging.swift */ = {isa = PBXFileReference; lastKnownFileType = sourcecode.swift; path = "Collections+Paging.swift"; sourceTree = "<group>"; };
		3A4BFEE22C9C6DEC00DA7A1D /* SerialLocationsListView.swift */ = {isa = PBXFileReference; lastKnownFileType = sourcecode.swift; path = SerialLocationsListView.swift; sourceTree = "<group>"; };
		3A4BFEE42C9C6E2C00DA7A1D /* SerialLocationsListViewModel.swift */ = {isa = PBXFileReference; lastKnownFileType = sourcecode.swift; path = SerialLocationsListViewModel.swift; sourceTree = "<group>"; };
		3A4BFEE92C9C6F9A00DA7A1D /* SerialListScreen.swift */ = {isa = PBXFileReference; lastKnownFileType = sourcecode.swift; path = SerialListScreen.swift; sourceTree = "<group>"; };
		3A67234B2C9EE496007DBFA7 /* SerialCharacterDetailScreen.swift */ = {isa = PBXFileReference; lastKnownFileType = sourcecode.swift; path = SerialCharacterDetailScreen.swift; sourceTree = "<group>"; };
		3A780ABF2C88751E00B6547A /* Otus.app */ = {isa = PBXFileReference; explicitFileType = wrapper.application; includeInIndex = 0; path = Otus.app; sourceTree = BUILT_PRODUCTS_DIR; };
		3A780AC22C88751E00B6547A /* OtusApp.swift */ = {isa = PBXFileReference; lastKnownFileType = sourcecode.swift; path = OtusApp.swift; sourceTree = "<group>"; };
		3A780AC42C88751E00B6547A /* ContentView.swift */ = {isa = PBXFileReference; lastKnownFileType = sourcecode.swift; path = ContentView.swift; sourceTree = "<group>"; };
		3A780AC62C88751F00B6547A /* Assets.xcassets */ = {isa = PBXFileReference; lastKnownFileType = folder.assetcatalog; path = Assets.xcassets; sourceTree = "<group>"; };
		3A780AC92C88751F00B6547A /* Preview Assets.xcassets */ = {isa = PBXFileReference; lastKnownFileType = folder.assetcatalog; path = "Preview Assets.xcassets"; sourceTree = "<group>"; };
		3A79BA532CAD6BD0001AE88D /* OtusUI */ = {isa = PBXFileReference; lastKnownFileType = wrapper; name = OtusUI; path = Modules/OtusUI; sourceTree = SOURCE_ROOT; };
		3AB4A2DB2C9C5D250096425E /* Info.plist */ = {isa = PBXFileReference; lastKnownFileType = text.plist; path = Info.plist; sourceTree = "<group>"; };
		3ACAF0402CA6B30500734EBA /* OtusCore */ = {isa = PBXFileReference; lastKnownFileType = wrapper; name = OtusCore; path = Modules/OtusCore; sourceTree = SOURCE_ROOT; };
		3AF4860D2CD387FB0044408A /* SearchHistoryView.swift */ = {isa = PBXFileReference; lastKnownFileType = sourcecode.swift; path = SearchHistoryView.swift; sourceTree = "<group>"; };
/* End PBXFileReference section */

/* Begin PBXFrameworksBuildPhase section */
		3A780ABC2C88751E00B6547A /* Frameworks */ = {
			isa = PBXFrameworksBuildPhase;
			buildActionMask = 2147483647;
			files = (
				3ACAF0422CA6B37600734EBA /* OtusCore in Frameworks */,
				3A79BA552CAD6BDC001AE88D /* OtusUI in Frameworks */,
			);
			runOnlyForDeploymentPostprocessing = 0;
		};
/* End PBXFrameworksBuildPhase section */

/* Begin PBXGroup section */
		3A13B1752CBD50770049A951 /* SuffixesScreen */ = {
			isa = PBXGroup;
			children = (
				3A13B1762CBD508A0049A951 /* SuffixesScreen.swift */,
				3A13B1782CBD50B60049A951 /* SuffixesScreenViewModel.swift */,
				3AF4860D2CD387FB0044408A /* SearchHistoryView.swift */,
			);
			path = SuffixesScreen;
			sourceTree = "<group>";
		};
		3A4BFED22C9C65BB00DA7A1D /* Screens */ = {
			isa = PBXGroup;
			children = (
				3A13B1752CBD50770049A951 /* SuffixesScreen */,
				3A67234A2C9EE482007DBFA7 /* SerialCharacterDetailScreen */,
				3A4BFEE82C9C6F8B00DA7A1D /* SerialListScreen */,
				3A4BFEE12C9C6DDD00DA7A1D /* SerialLocationsList */,
				3A4BFED32C9C65C400DA7A1D /* SerialCharactersList */,
			);
			path = Screens;
			sourceTree = "<group>";
		};
		3A4BFED32C9C65C400DA7A1D /* SerialCharactersList */ = {
			isa = PBXGroup;
			children = (
				3A4BFED42C9C65E400DA7A1D /* SerialCharactersListView.swift */,
				3A4BFED62C9C65F800DA7A1D /* SerialCharactersListViewModel.swift */,
			);
			path = SerialCharactersList;
			sourceTree = "<group>";
		};
		3A4BFED82C9C670600DA7A1D /* Extensions */ = {
			isa = PBXGroup;
			children = (
				3A4BFED92C9C671300DA7A1D /* Collections+Paging.swift */,
			);
			path = Extensions;
			sourceTree = "<group>";
		};
		3A4BFEE12C9C6DDD00DA7A1D /* SerialLocationsList */ = {
			isa = PBXGroup;
			children = (
				3A4BFEE22C9C6DEC00DA7A1D /* SerialLocationsListView.swift */,
				3A4BFEE42C9C6E2C00DA7A1D /* SerialLocationsListViewModel.swift */,
			);
			path = SerialLocationsList;
			sourceTree = "<group>";
		};
		3A4BFEE82C9C6F8B00DA7A1D /* SerialListScreen */ = {
			isa = PBXGroup;
			children = (
				3A4BFEE92C9C6F9A00DA7A1D /* SerialListScreen.swift */,
			);
			path = SerialListScreen;
			sourceTree = "<group>";
		};
		3A67234A2C9EE482007DBFA7 /* SerialCharacterDetailScreen */ = {
			isa = PBXGroup;
			children = (
				3A67234B2C9EE496007DBFA7 /* SerialCharacterDetailScreen.swift */,
			);
			path = SerialCharacterDetailScreen;
			sourceTree = "<group>";
		};
		3A780AB62C88751E00B6547A = {
			isa = PBXGroup;
			children = (
				3A780AC12C88751E00B6547A /* Otus */,
				3A780AC02C88751E00B6547A /* Products */,
				3AB4A2DC2C9C5D290096425E /* Frameworks */,
			);
			sourceTree = "<group>";
		};
		3A780AC02C88751E00B6547A /* Products */ = {
			isa = PBXGroup;
			children = (
				3A780ABF2C88751E00B6547A /* Otus.app */,
			);
			name = Products;
			sourceTree = "<group>";
		};
		3A780AC12C88751E00B6547A /* Otus */ = {
			isa = PBXGroup;
			children = (
				3A79BA532CAD6BD0001AE88D /* OtusUI */,
				3ACAF0402CA6B30500734EBA /* OtusCore */,
				3AB4A2DB2C9C5D250096425E /* Info.plist */,
				3A780AC22C88751E00B6547A /* OtusApp.swift */,
				3A780AC42C88751E00B6547A /* ContentView.swift */,
				3A4BFED82C9C670600DA7A1D /* Extensions */,
				3A4BFED22C9C65BB00DA7A1D /* Screens */,
				3A780AC62C88751F00B6547A /* Assets.xcassets */,
				3A780AC82C88751F00B6547A /* Preview Content */,
			);
			path = Otus;
			sourceTree = "<group>";
		};
		3A780AC82C88751F00B6547A /* Preview Content */ = {
			isa = PBXGroup;
			children = (
				3A780AC92C88751F00B6547A /* Preview Assets.xcassets */,
			);
			path = "Preview Content";
			sourceTree = "<group>";
		};
		3AB4A2DC2C9C5D290096425E /* Frameworks */ = {
			isa = PBXGroup;
			children = (
			);
			name = Frameworks;
			sourceTree = "<group>";
		};
/* End PBXGroup section */

/* Begin PBXNativeTarget section */
		3A780ABE2C88751E00B6547A /* Otus */ = {
			isa = PBXNativeTarget;
			buildConfigurationList = 3A780ACD2C88751F00B6547A /* Build configuration list for PBXNativeTarget "Otus" */;
			buildPhases = (
				3A780ABB2C88751E00B6547A /* Sources */,
				3A780ABC2C88751E00B6547A /* Frameworks */,
				3A780ABD2C88751E00B6547A /* Resources */,
			);
			buildRules = (
			);
			dependencies = (
			);
			name = Otus;
			packageProductDependencies = (
				3ACAF0412CA6B37600734EBA /* OtusCore */,
				3A79BA542CAD6BDC001AE88D /* OtusUI */,
			);
			productName = Otus;
			productReference = 3A780ABF2C88751E00B6547A /* Otus.app */;
			productType = "com.apple.product-type.application";
		};
/* End PBXNativeTarget section */

/* Begin PBXProject section */
		3A780AB72C88751E00B6547A /* Project object */ = {
			isa = PBXProject;
			attributes = {
				BuildIndependentTargetsInParallel = 1;
				LastSwiftUpdateCheck = 1530;
				LastUpgradeCheck = 1530;
				TargetAttributes = {
					3A780ABE2C88751E00B6547A = {
						CreatedOnToolsVersion = 15.3;
					};
				};
			};
			buildConfigurationList = 3A780ABA2C88751E00B6547A /* Build configuration list for PBXProject "Otus" */;
			compatibilityVersion = "Xcode 14.0";
			developmentRegion = en;
			hasScannedForEncodings = 0;
			knownRegions = (
				en,
				Base,
			);
			mainGroup = 3A780AB62C88751E00B6547A;
			productRefGroup = 3A780AC02C88751E00B6547A /* Products */;
			projectDirPath = "";
			projectRoot = "";
			targets = (
				3A780ABE2C88751E00B6547A /* Otus */,
			);
		};
/* End PBXProject section */

/* Begin PBXResourcesBuildPhase section */
		3A780ABD2C88751E00B6547A /* Resources */ = {
			isa = PBXResourcesBuildPhase;
			buildActionMask = 2147483647;
			files = (
				3A780ACA2C88751F00B6547A /* Preview Assets.xcassets in Resources */,
				3A780AC72C88751F00B6547A /* Assets.xcassets in Resources */,
			);
			runOnlyForDeploymentPostprocessing = 0;
		};
/* End PBXResourcesBuildPhase section */

/* Begin PBXSourcesBuildPhase section */
		3A780ABB2C88751E00B6547A /* Sources */ = {
			isa = PBXSourcesBuildPhase;
			buildActionMask = 2147483647;
			files = (
				3A780AC52C88751E00B6547A /* ContentView.swift in Sources */,
				3A4BFEE52C9C6E2C00DA7A1D /* SerialLocationsListViewModel.swift in Sources */,
				3A4BFED72C9C65F800DA7A1D /* SerialCharactersListViewModel.swift in Sources */,
				3A4BFEDA2C9C671300DA7A1D /* Collections+Paging.swift in Sources */,
				3A4BFEE32C9C6DEC00DA7A1D /* SerialLocationsListView.swift in Sources */,
				3AF4860E2CD387FB0044408A /* SearchHistoryView.swift in Sources */,
				3A13B1792CBD50B60049A951 /* SuffixesScreenViewModel.swift in Sources */,
				3A4BFEEA2C9C6F9A00DA7A1D /* SerialListScreen.swift in Sources */,
				3A67234C2C9EE496007DBFA7 /* SerialCharacterDetailScreen.swift in Sources */,
				3A13B1772CBD508A0049A951 /* SuffixesScreen.swift in Sources */,
				3A780AC32C88751E00B6547A /* OtusApp.swift in Sources */,
				3A4BFED52C9C65E400DA7A1D /* SerialCharactersListView.swift in Sources */,
			);
			runOnlyForDeploymentPostprocessing = 0;
		};
/* End PBXSourcesBuildPhase section */

/* Begin XCBuildConfiguration section */
		3A780ACB2C88751F00B6547A /* Debug */ = {
			isa = XCBuildConfiguration;
			buildSettings = {
				ALWAYS_SEARCH_USER_PATHS = NO;
				ASSETCATALOG_COMPILER_GENERATE_SWIFT_ASSET_SYMBOL_EXTENSIONS = YES;
				CLANG_ANALYZER_NONNULL = YES;
				CLANG_ANALYZER_NUMBER_OBJECT_CONVERSION = YES_AGGRESSIVE;
				CLANG_CXX_LANGUAGE_STANDARD = "gnu++20";
				CLANG_ENABLE_MODULES = YES;
				CLANG_ENABLE_OBJC_ARC = YES;
				CLANG_ENABLE_OBJC_WEAK = YES;
				CLANG_WARN_BLOCK_CAPTURE_AUTORELEASING = YES;
				CLANG_WARN_BOOL_CONVERSION = YES;
				CLANG_WARN_COMMA = YES;
				CLANG_WARN_CONSTANT_CONVERSION = YES;
				CLANG_WARN_DEPRECATED_OBJC_IMPLEMENTATIONS = YES;
				CLANG_WARN_DIRECT_OBJC_ISA_USAGE = YES_ERROR;
				CLANG_WARN_DOCUMENTATION_COMMENTS = YES;
				CLANG_WARN_EMPTY_BODY = YES;
				CLANG_WARN_ENUM_CONVERSION = YES;
				CLANG_WARN_INFINITE_RECURSION = YES;
				CLANG_WARN_INT_CONVERSION = YES;
				CLANG_WARN_NON_LITERAL_NULL_CONVERSION = YES;
				CLANG_WARN_OBJC_IMPLICIT_RETAIN_SELF = YES;
				CLANG_WARN_OBJC_LITERAL_CONVERSION = YES;
				CLANG_WARN_OBJC_ROOT_CLASS = YES_ERROR;
				CLANG_WARN_QUOTED_INCLUDE_IN_FRAMEWORK_HEADER = YES;
				CLANG_WARN_RANGE_LOOP_ANALYSIS = YES;
				CLANG_WARN_STRICT_PROTOTYPES = YES;
				CLANG_WARN_SUSPICIOUS_MOVE = YES;
				CLANG_WARN_UNGUARDED_AVAILABILITY = YES_AGGRESSIVE;
				CLANG_WARN_UNREACHABLE_CODE = YES;
				CLANG_WARN__DUPLICATE_METHOD_MATCH = YES;
				COPY_PHASE_STRIP = NO;
				DEBUG_INFORMATION_FORMAT = dwarf;
				ENABLE_STRICT_OBJC_MSGSEND = YES;
				ENABLE_TESTABILITY = YES;
				ENABLE_USER_SCRIPT_SANDBOXING = YES;
				GCC_C_LANGUAGE_STANDARD = gnu17;
				GCC_DYNAMIC_NO_PIC = NO;
				GCC_NO_COMMON_BLOCKS = YES;
				GCC_OPTIMIZATION_LEVEL = 0;
				GCC_PREPROCESSOR_DEFINITIONS = (
					"DEBUG=1",
					"$(inherited)",
				);
				GCC_WARN_64_TO_32_BIT_CONVERSION = YES;
				GCC_WARN_ABOUT_RETURN_TYPE = YES_ERROR;
				GCC_WARN_UNDECLARED_SELECTOR = YES;
				GCC_WARN_UNINITIALIZED_AUTOS = YES_AGGRESSIVE;
				GCC_WARN_UNUSED_FUNCTION = YES;
				GCC_WARN_UNUSED_VARIABLE = YES;
				IPHONEOS_DEPLOYMENT_TARGET = 17.4;
				LOCALIZATION_PREFERS_STRING_CATALOGS = YES;
				MTL_ENABLE_DEBUG_INFO = INCLUDE_SOURCE;
				MTL_FAST_MATH = YES;
				ONLY_ACTIVE_ARCH = YES;
				SDKROOT = iphoneos;
				SWIFT_ACTIVE_COMPILATION_CONDITIONS = "DEBUG $(inherited)";
				SWIFT_OPTIMIZATION_LEVEL = "-Onone";
			};
			name = Debug;
		};
		3A780ACC2C88751F00B6547A /* Release */ = {
			isa = XCBuildConfiguration;
			buildSettings = {
				ALWAYS_SEARCH_USER_PATHS = NO;
				ASSETCATALOG_COMPILER_GENERATE_SWIFT_ASSET_SYMBOL_EXTENSIONS = YES;
				CLANG_ANALYZER_NONNULL = YES;
				CLANG_ANALYZER_NUMBER_OBJECT_CONVERSION = YES_AGGRESSIVE;
				CLANG_CXX_LANGUAGE_STANDARD = "gnu++20";
				CLANG_ENABLE_MODULES = YES;
				CLANG_ENABLE_OBJC_ARC = YES;
				CLANG_ENABLE_OBJC_WEAK = YES;
				CLANG_WARN_BLOCK_CAPTURE_AUTORELEASING = YES;
				CLANG_WARN_BOOL_CONVERSION = YES;
				CLANG_WARN_COMMA = YES;
				CLANG_WARN_CONSTANT_CONVERSION = YES;
				CLANG_WARN_DEPRECATED_OBJC_IMPLEMENTATIONS = YES;
				CLANG_WARN_DIRECT_OBJC_ISA_USAGE = YES_ERROR;
				CLANG_WARN_DOCUMENTATION_COMMENTS = YES;
				CLANG_WARN_EMPTY_BODY = YES;
				CLANG_WARN_ENUM_CONVERSION = YES;
				CLANG_WARN_INFINITE_RECURSION = YES;
				CLANG_WARN_INT_CONVERSION = YES;
				CLANG_WARN_NON_LITERAL_NULL_CONVERSION = YES;
				CLANG_WARN_OBJC_IMPLICIT_RETAIN_SELF = YES;
				CLANG_WARN_OBJC_LITERAL_CONVERSION = YES;
				CLANG_WARN_OBJC_ROOT_CLASS = YES_ERROR;
				CLANG_WARN_QUOTED_INCLUDE_IN_FRAMEWORK_HEADER = YES;
				CLANG_WARN_RANGE_LOOP_ANALYSIS = YES;
				CLANG_WARN_STRICT_PROTOTYPES = YES;
				CLANG_WARN_SUSPICIOUS_MOVE = YES;
				CLANG_WARN_UNGUARDED_AVAILABILITY = YES_AGGRESSIVE;
				CLANG_WARN_UNREACHABLE_CODE = YES;
				CLANG_WARN__DUPLICATE_METHOD_MATCH = YES;
				COPY_PHASE_STRIP = NO;
				DEBUG_INFORMATION_FORMAT = "dwarf-with-dsym";
				ENABLE_NS_ASSERTIONS = NO;
				ENABLE_STRICT_OBJC_MSGSEND = YES;
				ENABLE_USER_SCRIPT_SANDBOXING = YES;
				GCC_C_LANGUAGE_STANDARD = gnu17;
				GCC_NO_COMMON_BLOCKS = YES;
				GCC_WARN_64_TO_32_BIT_CONVERSION = YES;
				GCC_WARN_ABOUT_RETURN_TYPE = YES_ERROR;
				GCC_WARN_UNDECLARED_SELECTOR = YES;
				GCC_WARN_UNINITIALIZED_AUTOS = YES_AGGRESSIVE;
				GCC_WARN_UNUSED_FUNCTION = YES;
				GCC_WARN_UNUSED_VARIABLE = YES;
				IPHONEOS_DEPLOYMENT_TARGET = 17.4;
				LOCALIZATION_PREFERS_STRING_CATALOGS = YES;
				MTL_ENABLE_DEBUG_INFO = NO;
				MTL_FAST_MATH = YES;
				SDKROOT = iphoneos;
				SWIFT_COMPILATION_MODE = wholemodule;
				VALIDATE_PRODUCT = YES;
			};
			name = Release;
		};
		3A780ACE2C88751F00B6547A /* Debug */ = {
			isa = XCBuildConfiguration;
			buildSettings = {
				ASSETCATALOG_COMPILER_APPICON_NAME = AppIcon;
				ASSETCATALOG_COMPILER_GLOBAL_ACCENT_COLOR_NAME = AccentColor;
				CODE_SIGN_STYLE = Automatic;
				CURRENT_PROJECT_VERSION = 1;
				DEVELOPMENT_ASSET_PATHS = "\"Otus/Preview Content\"";
				DEVELOPMENT_TEAM = P9BBFGRHHL;
				ENABLE_PREVIEWS = YES;
				GENERATE_INFOPLIST_FILE = YES;
				INFOPLIST_FILE = Otus/Info.plist;
				INFOPLIST_KEY_UIApplicationSceneManifest_Generation = YES;
				INFOPLIST_KEY_UIApplicationSupportsIndirectInputEvents = YES;
				INFOPLIST_KEY_UILaunchScreen_Generation = YES;
				INFOPLIST_KEY_UISupportedInterfaceOrientations_iPad = "UIInterfaceOrientationPortrait UIInterfaceOrientationPortraitUpsideDown UIInterfaceOrientationLandscapeLeft UIInterfaceOrientationLandscapeRight";
				INFOPLIST_KEY_UISupportedInterfaceOrientations_iPhone = "UIInterfaceOrientationPortrait UIInterfaceOrientationLandscapeLeft UIInterfaceOrientationLandscapeRight";
				IPHONEOS_DEPLOYMENT_TARGET = 15.0;
				LD_RUNPATH_SEARCH_PATHS = (
					"$(inherited)",
					"@executable_path/Frameworks",
				);
				MARKETING_VERSION = 1.0;
				PRODUCT_BUNDLE_IDENTIFIER = com.permyakovanton.Otus;
				PRODUCT_NAME = "$(TARGET_NAME)";
				SWIFT_EMIT_LOC_STRINGS = YES;
				SWIFT_VERSION = 5.0;
				TARGETED_DEVICE_FAMILY = "1,2";
			};
			name = Debug;
		};
		3A780ACF2C88751F00B6547A /* Release */ = {
			isa = XCBuildConfiguration;
			buildSettings = {
				ASSETCATALOG_COMPILER_APPICON_NAME = AppIcon;
				ASSETCATALOG_COMPILER_GLOBAL_ACCENT_COLOR_NAME = AccentColor;
				CODE_SIGN_STYLE = Automatic;
				CURRENT_PROJECT_VERSION = 1;
				DEVELOPMENT_ASSET_PATHS = "\"Otus/Preview Content\"";
				DEVELOPMENT_TEAM = P9BBFGRHHL;
				ENABLE_PREVIEWS = YES;
				GENERATE_INFOPLIST_FILE = YES;
				INFOPLIST_FILE = Otus/Info.plist;
				INFOPLIST_KEY_UIApplicationSceneManifest_Generation = YES;
				INFOPLIST_KEY_UIApplicationSupportsIndirectInputEvents = YES;
				INFOPLIST_KEY_UILaunchScreen_Generation = YES;
				INFOPLIST_KEY_UISupportedInterfaceOrientations_iPad = "UIInterfaceOrientationPortrait UIInterfaceOrientationPortraitUpsideDown UIInterfaceOrientationLandscapeLeft UIInterfaceOrientationLandscapeRight";
				INFOPLIST_KEY_UISupportedInterfaceOrientations_iPhone = "UIInterfaceOrientationPortrait UIInterfaceOrientationLandscapeLeft UIInterfaceOrientationLandscapeRight";
				IPHONEOS_DEPLOYMENT_TARGET = 15.0;
				LD_RUNPATH_SEARCH_PATHS = (
					"$(inherited)",
					"@executable_path/Frameworks",
				);
				MARKETING_VERSION = 1.0;
				PRODUCT_BUNDLE_IDENTIFIER = com.permyakovanton.Otus;
				PRODUCT_NAME = "$(TARGET_NAME)";
				SWIFT_EMIT_LOC_STRINGS = YES;
				SWIFT_VERSION = 5.0;
				TARGETED_DEVICE_FAMILY = "1,2";
			};
			name = Release;
		};
/* End XCBuildConfiguration section */

/* Begin XCConfigurationList section */
		3A780ABA2C88751E00B6547A /* Build configuration list for PBXProject "Otus" */ = {
			isa = XCConfigurationList;
			buildConfigurations = (
				3A780ACB2C88751F00B6547A /* Debug */,
				3A780ACC2C88751F00B6547A /* Release */,
			);
			defaultConfigurationIsVisible = 0;
			defaultConfigurationName = Release;
		};
		3A780ACD2C88751F00B6547A /* Build configuration list for PBXNativeTarget "Otus" */ = {
			isa = XCConfigurationList;
			buildConfigurations = (
				3A780ACE2C88751F00B6547A /* Debug */,
				3A780ACF2C88751F00B6547A /* Release */,
			);
			defaultConfigurationIsVisible = 0;
			defaultConfigurationName = Release;
		};
/* End XCConfigurationList section */

/* Begin XCSwiftPackageProductDependency section */
		3A79BA542CAD6BDC001AE88D /* OtusUI */ = {
			isa = XCSwiftPackageProductDependency;
			productName = OtusUI;
		};
		3ACAF0412CA6B37600734EBA /* OtusCore */ = {
			isa = XCSwiftPackageProductDependency;
			productName = OtusCore;
		};
/* End XCSwiftPackageProductDependency section */
	};
	rootObject = 3A780AB72C88751E00B6547A /* Project object */;
}
